
Microsoft Visual Studio Solution File, Format Version 12.00
# Visual Studio Version 17
VisualStudioVersion = 17.0.31903.59
MinimumVisualStudioVersion = 10.0.40219.1
Project("{FAE04EC0-301F-11D3-BF4B-00C04F79EFBC}") = "ChallengeApiAtm.Domain", "ChallengeApiAtm.Domain\ChallengeApiAtm.Domain.csproj", "{11668B76-FDFB-43CD-A999-179D30F208DD}"
EndProject
Project("{FAE04EC0-301F-11D3-BF4B-00C04F79EFBC}") = "ChallengeApiAtm.Application", "ChallengeApiAtm.Application\ChallengeApiAtm.Application.csproj", "{EC74575A-1CC7-4178-82DA-19772DE0D122}"
EndProject
Project("{FAE04EC0-301F-11D3-BF4B-00C04F79EFBC}") = "ChallengeApiAtm.Infrastructure", "ChallengeApiAtm.Infrastructure\ChallengeApiAtm.Infrastructure.csproj", "{3B8512DB-0B25-4E31-9837-9D914900EC47}"
EndProject
Project("{FAE04EC0-301F-11D3-BF4B-00C04F79EFBC}") = "ChallengeApiAtm.Api", "ChallengeApiAtm.Api\ChallengeApiAtm.Api.csproj", "{89B98F1D-E77A-409F-884E-FA874C8A7F49}"
EndProject
Project("{FAE04EC0-301F-11D3-BF4B-00C04F79EFBC}") = "ChallengeApiAtm.UnitTests", "ChallengeApiAtm.UnitTests\ChallengeApiAtm.UnitTests.csproj", "{4C6EA3E1-EA1C-4C78-875A-255A960F3401}"
EndProject
Project("{FAE04EC0-301F-11D3-BF4B-00C04F79EFBC}") = "ChallengeApiAtm.ApiTests", "ChallengeApiAtm.ApiTests\ChallengeApiAtm.ApiTests.csproj", "{2C601CB6-5C74-4CB3-8C60-71A5336C434C}"
EndProject
Global
	GlobalSection(SolutionConfigurationPlatforms) = preSolution
		Debug|Any CPU = Debug|Any CPU
		Debug|x64 = Debug|x64
		Debug|x86 = Debug|x86
		Release|Any CPU = Release|Any CPU
		Release|x64 = Release|x64
		Release|x86 = Release|x86
	EndGlobalSection
	GlobalSection(ProjectConfigurationPlatforms) = postSolution
		{11668B76-FDFB-43CD-A999-179D30F208DD}.Debug|Any CPU.ActiveCfg = Debug|Any CPU
		{11668B76-FDFB-43CD-A999-179D30F208DD}.Debug|Any CPU.Build.0 = Debug|Any CPU
		{11668B76-FDFB-43CD-A999-179D30F208DD}.Debug|x64.ActiveCfg = Debug|Any CPU
		{11668B76-FDFB-43CD-A999-179D30F208DD}.Debug|x64.Build.0 = Debug|Any CPU
		{11668B76-FDFB-43CD-A999-179D30F208DD}.Debug|x86.ActiveCfg = Debug|Any CPU
		{11668B76-FDFB-43CD-A999-179D30F208DD}.Debug|x86.Build.0 = Debug|Any CPU
		{11668B76-FDFB-43CD-A999-179D30F208DD}.Release|Any CPU.ActiveCfg = Release|Any CPU
		{11668B76-FDFB-43CD-A999-179D30F208DD}.Release|Any CPU.Build.0 = Release|Any CPU
		{11668B76-FDFB-43CD-A999-179D30F208DD}.Release|x64.ActiveCfg = Release|Any CPU
		{11668B76-FDFB-43CD-A999-179D30F208DD}.Release|x64.Build.0 = Release|Any CPU
		{11668B76-FDFB-43CD-A999-179D30F208DD}.Release|x86.ActiveCfg = Release|Any CPU
		{11668B76-FDFB-43CD-A999-179D30F208DD}.Release|x86.Build.0 = Release|Any CPU
		{EC74575A-1CC7-4178-82DA-19772DE0D122}.Debug|Any CPU.ActiveCfg = Debug|Any CPU
		{EC74575A-1CC7-4178-82DA-19772DE0D122}.Debug|Any CPU.Build.0 = Debug|Any CPU
		{EC74575A-1CC7-4178-82DA-19772DE0D122}.Debug|x64.ActiveCfg = Debug|Any CPU
		{EC74575A-1CC7-4178-82DA-19772DE0D122}.Debug|x64.Build.0 = Debug|Any CPU
		{EC74575A-1CC7-4178-82DA-19772DE0D122}.Debug|x86.ActiveCfg = Debug|Any CPU
		{EC74575A-1CC7-4178-82DA-19772DE0D122}.Debug|x86.Build.0 = Debug|Any CPU
		{EC74575A-1CC7-4178-82DA-19772DE0D122}.Release|Any CPU.ActiveCfg = Release|Any CPU
		{EC74575A-1CC7-4178-82DA-19772DE0D122}.Release|Any CPU.Build.0 = Release|Any CPU
		{EC74575A-1CC7-4178-82DA-19772DE0D122}.Release|x64.ActiveCfg = Release|Any CPU
		{EC74575A-1CC7-4178-82DA-19772DE0D122}.Release|x64.Build.0 = Release|Any CPU
		{EC74575A-1CC7-4178-82DA-19772DE0D122}.Release|x86.ActiveCfg = Release|Any CPU
		{EC74575A-1CC7-4178-82DA-19772DE0D122}.Release|x86.Build.0 = Release|Any CPU
		{3B8512DB-0B25-4E31-9837-9D914900EC47}.Debug|Any CPU.ActiveCfg = Debug|Any CPU
		{3B8512DB-0B25-4E31-9837-9D914900EC47}.Debug|Any CPU.Build.0 = Debug|Any CPU
		{3B8512DB-0B25-4E31-9837-9D914900EC47}.Debug|x64.ActiveCfg = Debug|Any CPU
		{3B8512DB-0B25-4E31-9837-9D914900EC47}.Debug|x64.Build.0 = Debug|Any CPU
		{3B8512DB-0B25-4E31-9837-9D914900EC47}.Debug|x86.ActiveCfg = Debug|Any CPU
		{3B8512DB-0B25-4E31-9837-9D914900EC47}.Debug|x86.Build.0 = Debug|Any CPU
		{3B8512DB-0B25-4E31-9837-9D914900EC47}.Release|Any CPU.ActiveCfg = Release|Any CPU
		{3B8512DB-0B25-4E31-9837-9D914900EC47}.Release|Any CPU.Build.0 = Release|Any CPU
		{3B8512DB-0B25-4E31-9837-9D914900EC47}.Release|x64.ActiveCfg = Release|Any CPU
		{3B8512DB-0B25-4E31-9837-9D914900EC47}.Release|x64.Build.0 = Release|Any CPU
		{3B8512DB-0B25-4E31-9837-9D914900EC47}.Release|x86.ActiveCfg = Release|Any CPU
		{3B8512DB-0B25-4E31-9837-9D914900EC47}.Release|x86.Build.0 = Release|Any CPU
		{89B98F1D-E77A-409F-884E-FA874C8A7F49}.Debug|Any CPU.ActiveCfg = Debug|Any CPU
		{89B98F1D-E77A-409F-884E-FA874C8A7F49}.Debug|Any CPU.Build.0 = Debug|Any CPU
		{89B98F1D-E77A-409F-884E-FA874C8A7F49}.Debug|x64.ActiveCfg = Debug|Any CPU
		{89B98F1D-E77A-409F-884E-FA874C8A7F49}.Debug|x64.Build.0 = Debug|Any CPU
		{89B98F1D-E77A-409F-884E-FA874C8A7F49}.Debug|x86.ActiveCfg = Debug|Any CPU
		{89B98F1D-E77A-409F-884E-FA874C8A7F49}.Debug|x86.Build.0 = Debug|Any CPU
		{89B98F1D-E77A-409F-884E-FA874C8A7F49}.Release|Any CPU.ActiveCfg = Release|Any CPU
		{89B98F1D-E77A-409F-884E-FA874C8A7F49}.Release|Any CPU.Build.0 = Release|Any CPU
		{89B98F1D-E77A-409F-884E-FA874C8A7F49}.Release|x64.ActiveCfg = Release|Any CPU
		{89B98F1D-E77A-409F-884E-FA874C8A7F49}.Release|x64.Build.0 = Release|Any CPU
		{89B98F1D-E77A-409F-884E-FA874C8A7F49}.Release|x86.ActiveCfg = Release|Any CPU
		{89B98F1D-E77A-409F-884E-FA874C8A7F49}.Release|x86.Build.0 = Release|Any CPU
		{4C6EA3E1-EA1C-4C78-875A-255A960F3401}.Debug|Any CPU.ActiveCfg = Debug|Any CPU
		{4C6EA3E1-EA1C-4C78-875A-255A960F3401}.Debug|Any CPU.Build.0 = Debug|Any CPU
		{4C6EA3E1-EA1C-4C78-875A-255A960F3401}.Debug|x64.ActiveCfg = Debug|Any CPU
		{4C6EA3E1-EA1C-4C78-875A-255A960F3401}.Debug|x64.Build.0 = Debug|Any CPU
		{4C6EA3E1-EA1C-4C78-875A-255A960F3401}.Debug|x86.ActiveCfg = Debug|Any CPU
		{4C6EA3E1-EA1C-4C78-875A-255A960F3401}.Debug|x86.Build.0 = Debug|Any CPU
		{4C6EA3E1-EA1C-4C78-875A-255A960F3401}.Release|Any CPU.ActiveCfg = Release|Any CPU
		{4C6EA3E1-EA1C-4C78-875A-255A960F3401}.Release|Any CPU.Build.0 = Release|Any CPU
		{4C6EA3E1-EA1C-4C78-875A-255A960F3401}.Release|x64.ActiveCfg = Release|Any CPU
		{4C6EA3E1-EA1C-4C78-875A-255A960F3401}.Release|x64.Build.0 = Release|Any CPU
		{4C6EA3E1-EA1C-4C78-875A-255A960F3401}.Release|x86.ActiveCfg = Release|Any CPU
		{4C6EA3E1-EA1C-4C78-875A-255A960F3401}.Release|x86.Build.0 = Release|Any CPU
		{2C601CB6-5C74-4CB3-8C60-71A5336C434C}.Debug|Any CPU.ActiveCfg = Debug|Any CPU
		{2C601CB6-5C74-4CB3-8C60-71A5336C434C}.Debug|Any CPU.Build.0 = Debug|Any CPU
		{2C601CB6-5C74-4CB3-8C60-71A5336C434C}.Debug|x64.ActiveCfg = Debug|Any CPU
		{2C601CB6-5C74-4CB3-8C60-71A5336C434C}.Debug|x64.Build.0 = Debug|Any CPU
		{2C601CB6-5C74-4CB3-8C60-71A5336C434C}.Debug|x86.ActiveCfg = Debug|Any CPU
		{2C601CB6-5C74-4CB3-8C60-71A5336C434C}.Debug|x86.Build.0 = Debug|Any CPU
		{2C601CB6-5C74-4CB3-8C60-71A5336C434C}.Release|Any CPU.ActiveCfg = Release|Any CPU
		{2C601CB6-5C74-4CB3-8C60-71A5336C434C}.Release|Any CPU.Build.0 = Release|Any CPU
		{2C601CB6-5C74-4CB3-8C60-71A5336C434C}.Release|x64.ActiveCfg = Release|Any CPU
		{2C601CB6-5C74-4CB3-8C60-71A5336C434C}.Release|x64.Build.0 = Release|Any CPU
		{2C601CB6-5C74-4CB3-8C60-71A5336C434C}.Release|x86.ActiveCfg = Release|Any CPU
		{2C601CB6-5C74-4CB3-8C60-71A5336C434C}.Release|x86.Build.0 = Release|Any CPU
	EndGlobalSection
	GlobalSection(SolutionProperties) = preSolution
		HideSolutionNode = FALSE
	EndGlobalSection
EndGlobal
